
Microsoft Visual Studio Solution File, Format Version 12.00
# Visual Studio Version 16
VisualStudioVersion = 16.0.29403.142
MinimumVisualStudioVersion = 10.0.40219.1
Project("{FAE04EC0-301F-11D3-BF4B-00C04F79EFBC}") = "CsgoViewer", "CsgoViewer\CsgoViewer.csproj", "{875311E5-F086-4F01-9D78-0FA38A1AE005}"
EndProject
Global
	GlobalSection(SolutionConfigurationPlatforms) = preSolution
		Debug|Any CPU = Debug|Any CPU
		Release|Any CPU = Release|Any CPU
	EndGlobalSection
	GlobalSection(ProjectConfigurationPlatforms) = postSolution
		{875311E5-F086-4F01-9D78-0FA38A1AE005}.Debug|Any CPU.ActiveCfg = Debug|Any CPU
		{875311E5-F086-4F01-9D78-0FA38A1AE005}.Debug|Any CPU.Build.0 = Debug|Any CPU
		{875311E5-F086-4F01-9D78-0FA38A1AE005}.Release|Any CPU.ActiveCfg = Release|Any CPU
		{875311E5-F086-4F01-9D78-0FA38A1AE005}.Release|Any CPU.Build.0 = Release|Any CPU
	EndGlobalSection
	GlobalSection(SolutionProperties) = preSolution
		HideSolutionNode = FALSE
	EndGlobalSection
	GlobalSection(ExtensibilityGlobals) = postSolution
		SolutionGuid = {DA8B2A7F-65A3-47CC-9816-E85F48556EC9}
	EndGlobalSection
EndGlobal
